
Microsoft Visual Studio Solution File, Format Version 9.00
# Visual C++ Express 2005
Project("{8BC9CEB8-8B4A-11D0-8D11-00A0C91BC942}") = "dff_reader", "dff_reader\dff_reader.vcproj", "{165BE0A7-3D93-485F-846D-84C732F00E73}"
EndProject
Global
	GlobalSection(SolutionConfigurationPlatforms) = preSolution
		Debug|Win32 = Debug|Win32
		Release|Win32 = Release|Win32
	EndGlobalSection
	GlobalSection(ProjectConfigurationPlatforms) = postSolution
		{165BE0A7-3D93-485F-846D-84C732F00E73}.Debug|Win32.ActiveCfg = Debug|Win32
		{165BE0A7-3D93-485F-846D-84C732F00E73}.Debug|Win32.Build.0 = Debug|Win32
		{165BE0A7-3D93-485F-846D-84C732F00E73}.Release|Win32.ActiveCfg = Release|Win32
		{165BE0A7-3D93-485F-846D-84C732F00E73}.Release|Win32.Build.0 = Release|Win32
	EndGlobalSection
	GlobalSection(SolutionProperties) = preSolution
		HideSolutionNode = FALSE
	EndGlobalSection
EndGlobal
